<?xml version="1.0" encoding="utf-8"?>
<Project ToolsVersion="4.0" xmlns="http://schemas.microsoft.com/developer/msbuild/2003">
  <ItemGroup>
    <Filter Include="Исходные файлы">
      <UniqueIdentifier>{4FC737F1-C7A5-4376-A066-2A32D752A2FF}</UniqueIdentifier>
      <Extensions>cpp;c;cc;cxx;def;odl;idl;hpj;bat;asm;asmx</Extensions>
    </Filter>
    <Filter Include="Файлы заголовков">
      <UniqueIdentifier>{93995380-89BD-4b04-88EB-625FBE52EBFB}</UniqueIdentifier>
      <Extensions>h;hh;hpp;hxx;hm;inl;inc;ipp;xsd</Extensions>
    </Filter>
    <Filter Include="Файлы ресурсов">
      <UniqueIdentifier>{67DA6AB6-F800-4c08-8B7A-83BB121AAD01}</UniqueIdentifier>
      <Extensions>rc;ico;cur;bmp;dlg;rc2;rct;bin;rgs;gif;jpg;jpeg;jpe;resx;tiff;tif;png;wav;mfcribbon-ms</Extensions>
    </Filter>
    <Filter Include="Исходные файлы\Windows">
      <UniqueIdentifier>{ee8cc191-c3c6-40d2-a3cb-4fc44bb188c4}</UniqueIdentifier>
    </Filter>
    <Filter Include="Файлы заголовков\Windows">
      <UniqueIdentifier>{ad293ebf-aec2-41bb-892f-143490dd18e3}</UniqueIdentifier>
    </Filter>
    <Filter Include="Исходные файлы\Elements">
      <UniqueIdentifier>{2b0ca6b2-66b2-474b-ae0e-84d8e1f15e03}</UniqueIdentifier>
    </Filter>
    <Filter Include="Файлы заголовков\Elements">
      <UniqueIdentifier>{93358a4c-b936-4cf3-bebc-78db823233b1}</UniqueIdentifier>
    </Filter>
    <Filter Include="Исходные файлы\Properties">
      <UniqueIdentifier>{02d1869b-9b07-49f4-a311-25a3ded769e6}</UniqueIdentifier>
    </Filter>
    <Filter Include="Файлы заголовков\Properties">
      <UniqueIdentifier>{233e613d-da95-462a-ade8-5f75d527dba1}</UniqueIdentifier>
    </Filter>
  </ItemGroup>
  <ItemGroup>
    <ClInclude Include="stdafx.h">
      <Filter>Файлы заголовков</Filter>
    </ClInclude>
    <ClInclude Include="targetver.h">
      <Filter>Файлы заголовков</Filter>
    </ClInclude>
    <ClInclude Include="Resource.h">
      <Filter>Файлы заголовков</Filter>
    </ClInclude>
    <ClInclude Include="RaTGL.h">
      <Filter>Файлы заголовков</Filter>
    </ClInclude>
    <ClInclude Include="Shader.h">
      <Filter>Файлы заголовков</Filter>
    </ClInclude>
    <ClInclude Include="Helper.h">
      <Filter>Файлы заголовков</Filter>
    </ClInclude>
    <ClInclude Include="GLwindow.h">
      <Filter>Файлы заголовков\Windows</Filter>
    </ClInclude>
    <ClInclude Include="RaTwindow.h">
      <Filter>Файлы заголовков\Windows</Filter>
    </ClInclude>
    <ClInclude Include="ShaderText.h">
      <Filter>Файлы заголовков</Filter>
    </ClInclude>
    <ClInclude Include="TODO.h">
      <Filter>Файлы заголовков</Filter>
    </ClInclude>
    <ClInclude Include="Matrix.h">
      <Filter>Файлы заголовков</Filter>
    </ClInclude>
    <ClInclude Include="CameraView.h">
      <Filter>Файлы заголовков\Windows</Filter>
    </ClInclude>
    <ClInclude Include="FrameView.h">
      <Filter>Файлы заголовков\Windows</Filter>
    </ClInclude>
    <ClInclude Include="GraphView.h">
      <Filter>Файлы заголовков\Windows</Filter>
    </ClInclude>
    <ClInclude Include="MeasureView.h">
      <Filter>Файлы заголовков\Windows</Filter>
    </ClInclude>
    <ClInclude Include="PropertiesView.h">
      <Filter>Файлы заголовков\Windows</Filter>
    </ClInclude>
    <ClInclude Include="SceneView.h">
      <Filter>Файлы заголовков\Windows</Filter>
    </ClInclude>
    <ClInclude Include="WorkspaceView.h">
      <Filter>Файлы заголовков\Windows</Filter>
    </ClInclude>
    <ClInclude Include="Camera.h">
      <Filter>Файлы заголовков</Filter>
    </ClInclude>
    <ClInclude Include="RaTElement.h">
      <Filter>Файлы заголовков\Elements</Filter>
    </ClInclude>
    <ClInclude Include="PropertyView.h">
      <Filter>Файлы заголовков\Properties</Filter>
    </ClInclude>
  </ItemGroup>
  <ItemGroup>
    <ClCompile Include="stdafx.cpp">
      <Filter>Исходные файлы</Filter>
    </ClCompile>
    <ClCompile Include="RaTGL.cpp">
      <Filter>Исходные файлы</Filter>
    </ClCompile>
    <ClCompile Include="Shader.cpp">
      <Filter>Исходные файлы</Filter>
    </ClCompile>
    <ClCompile Include="Helper.cpp">
      <Filter>Исходные файлы</Filter>
    </ClCompile>
    <ClCompile Include="GLwindow.cpp">
      <Filter>Исходные файлы\Windows</Filter>
    </ClCompile>
    <ClCompile Include="RaTwindow.cpp">
      <Filter>Исходные файлы\Windows</Filter>
    </ClCompile>
    <ClCompile Include="ShaderText.cpp">
      <Filter>Исходные файлы</Filter>
    </ClCompile>
    <ClCompile Include="Matrix.cpp">
      <Filter>Исходные файлы</Filter>
    </ClCompile>
    <ClCompile Include="WorkspaceView.cpp">
      <Filter>Исходные файлы\Windows</Filter>
    </ClCompile>
    <ClCompile Include="SceneView.cpp">
      <Filter>Исходные файлы\Windows</Filter>
    </ClCompile>
    <ClCompile Include="PropertiesView.cpp">
      <Filter>Исходные файлы\Windows</Filter>
    </ClCompile>
    <ClCompile Include="MeasureView.cpp">
      <Filter>Исходные файлы\Windows</Filter>
    </ClCompile>
    <ClCompile Include="GraphView.cpp">
      <Filter>Исходные файлы\Windows</Filter>
    </ClCompile>
    <ClCompile Include="FrameView.cpp">
      <Filter>Исходные файлы\Windows</Filter>
    </ClCompile>
    <ClCompile Include="CameraView.cpp">
      <Filter>Исходные файлы\Windows</Filter>
    </ClCompile>
    <ClCompile Include="Camera.cpp">
      <Filter>Исходные файлы</Filter>
    </ClCompile>
    <ClCompile Include="RaTElement.cpp">
      <Filter>Исходные файлы\Elements</Filter>
    </ClCompile>
    <ClCompile Include="EmitterElement.cpp">
      <Filter>Исходные файлы\Elements</Filter>
    </ClCompile>
    <ClCompile Include="LensElement.cpp">
      <Filter>Исходные файлы\Elements</Filter>
    </ClCompile>
    <ClCompile Include="MirrorElement.cpp">
      <Filter>Исходные файлы\Elements</Filter>
    </ClCompile>
    <ClCompile Include="CameraElement.cpp">
      <Filter>Исходные файлы\Elements</Filter>
    </ClCompile>
    <ClCompile Include="PropertyView.cpp">
      <Filter>Исходные файлы\Properties</Filter>
    </ClCompile>
  </ItemGroup>
  <ItemGroup>
    <ResourceCompile Include="RaTGL.rc">
      <Filter>Файлы ресурсов</Filter>
    </ResourceCompile>
  </ItemGroup>
  <ItemGroup>
    <Image Include="RaTGL.ico">
      <Filter>Файлы ресурсов</Filter>
    </Image>
    <Image Include="Icons\add50.bmp">
      <Filter>Файлы ресурсов</Filter>
    </Image>
    <Image Include="Icons\Camera.bmp">
      <Filter>Файлы ресурсов</Filter>
    </Image>
    <Image Include="Icons\delete24.bmp">
      <Filter>Файлы ресурсов</Filter>
    </Image>
    <Image Include="Icons\delete24_2.bmp">
      <Filter>Файлы ресурсов</Filter>
    </Image>
    <Image Include="Icons\Graph.bmp">
      <Filter>Файлы ресурсов</Filter>
    </Image>
    <Image Include="Icons\Measure128.bmp">
      <Filter>Файлы ресурсов</Filter>
    </Image>
    <Image Include="Icons\roll24.bmp">
      <Filter>Файлы ресурсов</Filter>
    </Image>
    <Image Include="Icons\Settings50.bmp">
      <Filter>Файлы ресурсов</Filter>
    </Image>
    <Image Include="Icons\unroll24.bmp">
      <Filter>Файлы ресурсов</Filter>
    </Image>
    <Image Include="Icons\add51.bmp">
      <Filter>Файлы ресурсов</Filter>
    </Image>
    <Image Include="Icons\delete24_3.bmp">
      <Filter>Файлы ресурсов</Filter>
    </Image>
    <Image Include="Icons\console26.bmp">
      <Filter>Файлы ресурсов</Filter>
    </Image>
  </ItemGroup>
</Project>